
Microsoft Visual Studio Solution File, Format Version 12.00
# Visual Studio Version 16
VisualStudioVersion = 16.0.30204.135
MinimumVisualStudioVersion = 10.0.40219.1
Project("{9A19103F-16F7-4668-BE54-9A1E7A4F7556}") = "firstdb", "Test\firstdb.csproj", "{1646711F-6C9C-4FD4-9152-37CBBD2D9B82}"
EndProject
Global
	GlobalSection(SolutionConfigurationPlatforms) = preSolution
		Debug|Any CPU = Debug|Any CPU
		Release|Any CPU = Release|Any CPU
	EndGlobalSection
	GlobalSection(ProjectConfigurationPlatforms) = postSolution
		{1646711F-6C9C-4FD4-9152-37CBBD2D9B82}.Debug|Any CPU.ActiveCfg = Debug|Any CPU
		{1646711F-6C9C-4FD4-9152-37CBBD2D9B82}.Debug|Any CPU.Build.0 = Debug|Any CPU
		{1646711F-6C9C-4FD4-9152-37CBBD2D9B82}.Release|Any CPU.ActiveCfg = Release|Any CPU
		{1646711F-6C9C-4FD4-9152-37CBBD2D9B82}.Release|Any CPU.Build.0 = Release|Any CPU
	EndGlobalSection
	GlobalSection(SolutionProperties) = preSolution
		HideSolutionNode = FALSE
	EndGlobalSection
	GlobalSection(ExtensibilityGlobals) = postSolution
		SolutionGuid = {62CE381D-0059-410D-AB73-87E279CBE5D7}
	EndGlobalSection
EndGlobal
